github.com/padeir0/pir v0.0.0-20230613180802-1b1eac62df2e h1:+2vzZVhRyMHIcIhv6KZVPKOpDw4ow/iUzco6hHb5TaY=
github.com/padeir0/pir v0.0.0-20230613180802-1b1eac62df2e/go.mod h1:w2c1aK2PtE3O0nIRWJ+XIuNJd5KbVrqGgInxxTKaT0s=
github.com/padeir0/pir v0.0.0-20230613183247-59ceb7155950 h1:bebqHXnqTzxmsnr8Bpx68bFNRuHX1qmkSxpoYcbNQ+U=
github.com/padeir0/pir v0.0.0-20230613183247-59ceb7155950/go.mod h1:w2c1aK2PtE3O0nIRWJ+XIuNJd5KbVrqGgInxxTKaT0s=
github.com/padeir0/pir v0.0.0-20230615181102-cc50ff74d3c7 h1:z13v4VU2dh/ntkc7NoxoYdtA0M1Q3R9a9LRpyye4Zq0=
github.com/padeir0/pir v0.0.0-20230615181102-cc50ff74d3c7/go.mod h1:w2c1aK2PtE3O0nIRWJ+XIuNJd5KbVrqGgInxxTKaT0s=
github.com/padeir0/pir v0.0.0-20230615181601-b9312e0ff597 h1:8bDQWNuzEF16QLzFQdEzYReZYToICSvGcuEHVon+Gq8=
github.com/padeir0/pir v0.0.0-20230615181601-b9312e0ff597/go.mod h1:w2c1aK2PtE3O0nIRWJ+XIuNJd5KbVrqGgInxxTKaT0s=
github.com/padeir0/pir v0.0.0-20230615182307-d10cecb2c63b h1:RJcW1MxLJwKpBakEqiw0GJfFgXiwrbWudVES/kKfa6U=
github.com/padeir0/pir v0.0.0-20230615182307-d10cecb2c63b/go.mod h1:w2c1aK2PtE3O0nIRWJ+XIuNJd5KbVrqGgInxxTKaT0s=
github.com/padeir0/pir v0.0.0-20230615183145-bb715a5664fd h1:srdg7QDq9c+r+GsYgc68Q9svNtM+tLHzbvJp9NIna+k=
github.com/padeir0/pir v0.0.0-20230615183145-bb715a5664fd/go.mod h1:w2c1aK2PtE3O0nIRWJ+XIuNJd5KbVrqGgInxxTKaT0s=
github.com/padeir0/pir v0.0.0-20230615184616-356fe3e19c6d h1:r9d2n9W2q5vjPmQUFx1D8G50WjY+gTd7Y0ZcenfDG00=
github.com/padeir0/pir v0.0.0-20230615184616-356fe3e19c6d/go.mod h1:w2c1aK2PtE3O0nIRWJ+XIuNJd5KbVrqGgInxxTKaT0s=
github.com/padeir0/pir v0.0.0-20230615184750-edc6021e4e3a h1:rHEAA1hyrsMvMA2XAWFn3BIXW187Ubar7R23/TMZTzE=
github.com/padeir0/pir v0.0.0-20230615184750-edc6021e4e3a/go.mod h1:w2c1aK2PtE3O0nIRWJ+XIuNJd5KbVrqGgInxxTKaT0s=
github.com/padeir0/pir v0.0.0-20230616180959-e559e0558fcb h1:ESFhJYH7votdlWZqvM3NeqdM47/rj3vnb4L8DrHJF8A=
github.com/padeir0/pir v0.0.0-20230616180959-e559e0558fcb/go.mod h1:w2c1aK2PtE3O0nIRWJ+XIuNJd5KbVrqGgInxxTKaT0s=
github.com/padeir0/pir v0.0.0-20240101225456-ae133af24f8e h1:ycA9uzcbilYm2GqIty+nFcUZ4gp57fQghbdO5egzCYE=
github.com/padeir0/pir v0.0.0-20240101225456-ae133af24f8e/go.mod h1:w2c1aK2PtE3O0nIRWJ+XIuNJd5KbVrqGgInxxTKaT0s=
github.com/padeir0/pir v0.0.0-20240107191255-87fd5090c167 h1:HijENAfKD3y0ZodRXCAjJq26N6W3ZZqsooMk1RAObos=
github.com/padeir0/pir v0.0.0-20240107191255-87fd5090c167/go.mod h1:w2c1aK2PtE3O0nIRWJ+XIuNJd5KbVrqGgInxxTKaT0s=
github.com/padeir0/pir v0.0.0-20240109203245-867ac9695bd8 h1:L737y/pwINZU58VzPon2Sv3QOHzpl5oza2j2UqJeThI=
github.com/padeir0/pir v0.0.0-20240109203245-867ac9695bd8/go.mod h1:w2c1aK2PtE3O0nIRWJ+XIuNJd5KbVrqGgInxxTKaT0s=
github.com/padeir0/pir v0.0.0-20240113224600-f23cbeb490c0 h1:OEWgBwi4BgZtGz8D51oOfztkoQGKy+g9eBuNM/+0oBw=
github.com/padeir0/pir v0.0.0-20240113224600-f23cbeb490c0/go.mod h1:w2c1aK2PtE3O0nIRWJ+XIuNJd5KbVrqGgInxxTKaT0s=
github.com/padeir0/pir v0.0.0-20240118025354-19af548fcae5 h1:0rgo2euyrNRtTJz75s0HPILvRLyHLM+1c7ps/FSPWiI=
github.com/padeir0/pir v0.0.0-20240118025354-19af548fcae5/go.mod h1:w2c1aK2PtE3O0nIRWJ+XIuNJd5KbVrqGgInxxTKaT0s=
github.com/padeir0/pir v0.0.0-20240119000419-8eed68dd22a6 h1:K+WoO4z+/0UnpEpSly0zZ4I4r/NmFxtuWXtPx2RERks=
github.com/padeir0/pir v0.0.0-20240119000419-8eed68dd22a6/go.mod h1:w2c1aK2PtE3O0nIRWJ+XIuNJd5KbVrqGgInxxTKaT0s=
github.com/padeir0/pir v0.0.0-20240121175900-23063a2ce662 h1:3GvXn8YiHydgz19EVpHBzUIZbBa21MsqLfayT2ZoYHc=
github.com/padeir0/pir v0.0.0-20240121175900-23063a2ce662/go.mod h1:w2c1aK2PtE3O0nIRWJ+XIuNJd5KbVrqGgInxxTKaT0s=
github.com/padeir0/pir v0.0.0-20240121183448-c23e5d098214 h1:CVrfeMPaEpOe0est5tX4u/dl6j8qtHZ5tFRv6N7dzkQ=
github.com/padeir0/pir v0.0.0-20240121183448-c23e5d098214/go.mod h1:w2c1aK2PtE3O0nIRWJ+XIuNJd5KbVrqGgInxxTKaT0s=
github.com/padeir0/pir v0.0.0-20240129010904-ce0931c2918c h1:9GNWJGh+er6QVM3r8iYcYka5f6mJZj9GnerZhQJU3/g=
github.com/padeir0/pir v0.0.0-20240129010904-ce0931c2918c/go.mod h1:w2c1aK2PtE3O0nIRWJ+XIuNJd5KbVrqGgInxxTKaT0s=
