github.com/padeir0/pir v0.0.0-20230613180802-1b1eac62df2e h1:+2vzZVhRyMHIcIhv6KZVPKOpDw4ow/iUzco6hHb5TaY=
github.com/padeir0/pir v0.0.0-20230613180802-1b1eac62df2e/go.mod h1:w2c1aK2PtE3O0nIRWJ+XIuNJd5KbVrqGgInxxTKaT0s=
github.com/padeir0/pir v0.0.0-20230613183247-59ceb7155950 h1:bebqHXnqTzxmsnr8Bpx68bFNRuHX1qmkSxpoYcbNQ+U=
github.com/padeir0/pir v0.0.0-20230613183247-59ceb7155950/go.mod h1:w2c1aK2PtE3O0nIRWJ+XIuNJd5KbVrqGgInxxTKaT0s=
