github.com/padeir0/pir v0.0.0-20240209142739-931f2bc67c41 h1:HYHa+ob3wW9goqAu6XQNq3utrZC4BtMla5U0zNt9dR0=
github.com/padeir0/pir v0.0.0-20240209142739-931f2bc67c41/go.mod h1:w2c1aK2PtE3O0nIRWJ+XIuNJd5KbVrqGgInxxTKaT0s=
github.com/padeir0/pir v0.0.0-20240209200543-d4ffc694cf63 h1:OpnF9WaUI3MpKWcsRFT8qAHOmefHdfMdshCLBu226ho=
github.com/padeir0/pir v0.0.0-20240209200543-d4ffc694cf63/go.mod h1:w2c1aK2PtE3O0nIRWJ+XIuNJd5KbVrqGgInxxTKaT0s=
